
Microsoft Visual Studio Solution File, Format Version 12.00
# Visual Studio 15
VisualStudioVersion = 15.0.27130.2010
MinimumVisualStudioVersion = 10.0.40219.1
Project("{2150E333-8FDC-42A3-9474-1A3956D46DE8}") = "Engine", "Engine", "{7494007E-2B6C-4BE0-8F7F-B5E3EDB134F1}"
EndProject
Project("{2150E333-8FDC-42A3-9474-1A3956D46DE8}") = "Games", "Games", "{457B0473-3DC4-4994-92E2-38A3C9D47F75}"
EndProject
Project("{8BC9CEB8-8B4A-11D0-8D11-00A0C91BC942}") = "UE4", "Intermediate\ProjectFiles\UE4.vcxproj", "{FB9B8523-9A0F-4989-8742-7766480FB891}"
EndProject
Project("{8BC9CEB8-8B4A-11D0-8D11-00A0C91BC942}") = "BuildingEscape", "Intermediate\ProjectFiles\BuildingEscape.vcxproj", "{9F6C86F5-C330-4281-A706-963C1F658547}"
EndProject
Global
	GlobalSection(SolutionConfigurationPlatforms) = preSolution
		DebugGame Editor|HTML5 = DebugGame Editor|HTML5
		DebugGame Editor|Win32 = DebugGame Editor|Win32
		DebugGame Editor|Win64 = DebugGame Editor|Win64
		DebugGame|HTML5 = DebugGame|HTML5
		DebugGame|Win32 = DebugGame|Win32
		DebugGame|Win64 = DebugGame|Win64
		Development Editor|HTML5 = Development Editor|HTML5
		Development Editor|Win32 = Development Editor|Win32
		Development Editor|Win64 = Development Editor|Win64
		Development|HTML5 = Development|HTML5
		Development|Win32 = Development|Win32
		Development|Win64 = Development|Win64
		Shipping|HTML5 = Shipping|HTML5
		Shipping|Win32 = Shipping|Win32
		Shipping|Win64 = Shipping|Win64
	EndGlobalSection
	GlobalSection(ProjectConfigurationPlatforms) = postSolution
		{FB9B8523-9A0F-4989-8742-7766480FB891}.DebugGame Editor|HTML5.ActiveCfg = BuiltWithUnrealBuildTool|Win32
		{FB9B8523-9A0F-4989-8742-7766480FB891}.DebugGame Editor|HTML5.Build.0 = BuiltWithUnrealBuildTool|Win32
		{FB9B8523-9A0F-4989-8742-7766480FB891}.DebugGame Editor|Win32.ActiveCfg = BuiltWithUnrealBuildTool|Win32
		{FB9B8523-9A0F-4989-8742-7766480FB891}.DebugGame Editor|Win32.Build.0 = BuiltWithUnrealBuildTool|Win32
		{FB9B8523-9A0F-4989-8742-7766480FB891}.DebugGame Editor|Win64.ActiveCfg = BuiltWithUnrealBuildTool|Win32
		{FB9B8523-9A0F-4989-8742-7766480FB891}.DebugGame Editor|Win64.Build.0 = BuiltWithUnrealBuildTool|Win32
		{FB9B8523-9A0F-4989-8742-7766480FB891}.DebugGame|HTML5.ActiveCfg = BuiltWithUnrealBuildTool|Win32
		{FB9B8523-9A0F-4989-8742-7766480FB891}.DebugGame|HTML5.Build.0 = BuiltWithUnrealBuildTool|Win32
		{FB9B8523-9A0F-4989-8742-7766480FB891}.DebugGame|Win32.ActiveCfg = BuiltWithUnrealBuildTool|Win32
		{FB9B8523-9A0F-4989-8742-7766480FB891}.DebugGame|Win32.Build.0 = BuiltWithUnrealBuildTool|Win32
		{FB9B8523-9A0F-4989-8742-7766480FB891}.DebugGame|Win64.ActiveCfg = BuiltWithUnrealBuildTool|Win32
		{FB9B8523-9A0F-4989-8742-7766480FB891}.DebugGame|Win64.Build.0 = BuiltWithUnrealBuildTool|Win32
		{FB9B8523-9A0F-4989-8742-7766480FB891}.Development Editor|HTML5.ActiveCfg = BuiltWithUnrealBuildTool|Win32
		{FB9B8523-9A0F-4989-8742-7766480FB891}.Development Editor|HTML5.Build.0 = BuiltWithUnrealBuildTool|Win32
		{FB9B8523-9A0F-4989-8742-7766480FB891}.Development Editor|Win32.ActiveCfg = BuiltWithUnrealBuildTool|Win32
		{FB9B8523-9A0F-4989-8742-7766480FB891}.Development Editor|Win32.Build.0 = BuiltWithUnrealBuildTool|Win32
		{FB9B8523-9A0F-4989-8742-7766480FB891}.Development Editor|Win64.ActiveCfg = BuiltWithUnrealBuildTool|Win32
		{FB9B8523-9A0F-4989-8742-7766480FB891}.Development Editor|Win64.Build.0 = BuiltWithUnrealBuildTool|Win32
		{FB9B8523-9A0F-4989-8742-7766480FB891}.Development|HTML5.ActiveCfg = BuiltWithUnrealBuildTool|Win32
		{FB9B8523-9A0F-4989-8742-7766480FB891}.Development|HTML5.Build.0 = BuiltWithUnrealBuildTool|Win32
		{FB9B8523-9A0F-4989-8742-7766480FB891}.Development|Win32.ActiveCfg = BuiltWithUnrealBuildTool|Win32
		{FB9B8523-9A0F-4989-8742-7766480FB891}.Development|Win32.Build.0 = BuiltWithUnrealBuildTool|Win32
		{FB9B8523-9A0F-4989-8742-7766480FB891}.Development|Win64.ActiveCfg = BuiltWithUnrealBuildTool|Win32
		{FB9B8523-9A0F-4989-8742-7766480FB891}.Development|Win64.Build.0 = BuiltWithUnrealBuildTool|Win32
		{FB9B8523-9A0F-4989-8742-7766480FB891}.Shipping|HTML5.ActiveCfg = BuiltWithUnrealBuildTool|Win32
		{FB9B8523-9A0F-4989-8742-7766480FB891}.Shipping|HTML5.Build.0 = BuiltWithUnrealBuildTool|Win32
		{FB9B8523-9A0F-4989-8742-7766480FB891}.Shipping|Win32.ActiveCfg = BuiltWithUnrealBuildTool|Win32
		{FB9B8523-9A0F-4989-8742-7766480FB891}.Shipping|Win32.Build.0 = BuiltWithUnrealBuildTool|Win32
		{FB9B8523-9A0F-4989-8742-7766480FB891}.Shipping|Win64.ActiveCfg = BuiltWithUnrealBuildTool|Win32
		{FB9B8523-9A0F-4989-8742-7766480FB891}.Shipping|Win64.Build.0 = BuiltWithUnrealBuildTool|Win32
		{9F6C86F5-C330-4281-A706-963C1F658547}.DebugGame Editor|HTML5.ActiveCfg = HTML5_DebugGame_Editor|Win32
		{9F6C86F5-C330-4281-A706-963C1F658547}.DebugGame Editor|Win32.ActiveCfg = DebugGame_Editor|Win32
		{9F6C86F5-C330-4281-A706-963C1F658547}.DebugGame Editor|Win64.ActiveCfg = DebugGame_Editor|x64
		{9F6C86F5-C330-4281-A706-963C1F658547}.DebugGame Editor|Win64.Build.0 = DebugGame_Editor|x64
		{9F6C86F5-C330-4281-A706-963C1F658547}.DebugGame|HTML5.ActiveCfg = HTML5_DebugGame_Game|Win32
		{9F6C86F5-C330-4281-A706-963C1F658547}.DebugGame|HTML5.Build.0 = HTML5_DebugGame_Game|Win32
		{9F6C86F5-C330-4281-A706-963C1F658547}.DebugGame|Win32.ActiveCfg = DebugGame_Game|Win32
		{9F6C86F5-C330-4281-A706-963C1F658547}.DebugGame|Win32.Build.0 = DebugGame_Game|Win32
		{9F6C86F5-C330-4281-A706-963C1F658547}.DebugGame|Win64.ActiveCfg = DebugGame_Game|x64
		{9F6C86F5-C330-4281-A706-963C1F658547}.DebugGame|Win64.Build.0 = DebugGame_Game|x64
		{9F6C86F5-C330-4281-A706-963C1F658547}.Development Editor|HTML5.ActiveCfg = HTML5_Development_Editor|Win32
		{9F6C86F5-C330-4281-A706-963C1F658547}.Development Editor|Win32.ActiveCfg = Development_Editor|Win32
		{9F6C86F5-C330-4281-A706-963C1F658547}.Development Editor|Win64.ActiveCfg = Development_Editor|x64
		{9F6C86F5-C330-4281-A706-963C1F658547}.Development Editor|Win64.Build.0 = Development_Editor|x64
		{9F6C86F5-C330-4281-A706-963C1F658547}.Development|HTML5.ActiveCfg = HTML5_Development_Game|Win32
		{9F6C86F5-C330-4281-A706-963C1F658547}.Development|HTML5.Build.0 = HTML5_Development_Game|Win32
		{9F6C86F5-C330-4281-A706-963C1F658547}.Development|Win32.ActiveCfg = Development_Game|Win32
		{9F6C86F5-C330-4281-A706-963C1F658547}.Development|Win32.Build.0 = Development_Game|Win32
		{9F6C86F5-C330-4281-A706-963C1F658547}.Development|Win64.ActiveCfg = Development_Game|x64
		{9F6C86F5-C330-4281-A706-963C1F658547}.Development|Win64.Build.0 = Development_Game|x64
		{9F6C86F5-C330-4281-A706-963C1F658547}.Shipping|HTML5.ActiveCfg = HTML5_Shipping_Game|Win32
		{9F6C86F5-C330-4281-A706-963C1F658547}.Shipping|HTML5.Build.0 = HTML5_Shipping_Game|Win32
		{9F6C86F5-C330-4281-A706-963C1F658547}.Shipping|Win32.ActiveCfg = Shipping_Game|Win32
		{9F6C86F5-C330-4281-A706-963C1F658547}.Shipping|Win32.Build.0 = Shipping_Game|Win32
		{9F6C86F5-C330-4281-A706-963C1F658547}.Shipping|Win64.ActiveCfg = Shipping_Game|x64
		{9F6C86F5-C330-4281-A706-963C1F658547}.Shipping|Win64.Build.0 = Shipping_Game|x64
	EndGlobalSection
	GlobalSection(SolutionProperties) = preSolution
		HideSolutionNode = FALSE
	EndGlobalSection
	GlobalSection(NestedProjects) = preSolution
		{FB9B8523-9A0F-4989-8742-7766480FB891} = {7494007E-2B6C-4BE0-8F7F-B5E3EDB134F1}
		{9F6C86F5-C330-4281-A706-963C1F658547} = {457B0473-3DC4-4994-92E2-38A3C9D47F75}
	EndGlobalSection
	GlobalSection(ExtensibilityGlobals) = postSolution
		SolutionGuid = {A1BF2AFA-636F-439B-A7AF-BA272CCB83C6}
	EndGlobalSection
EndGlobal
